
Microsoft Visual Studio Solution File, Format Version 12.00
# Visual Studio Version 16
VisualStudioVersion = 16.0.30907.101
MinimumVisualStudioVersion = 10.0.40219.1
Project("{FAE04EC0-301F-11D3-BF4B-00C04F79EFBC}") = "MobileApp.Android", "MobileApp\MobileApp.Android\MobileApp.Android.csproj", "{B6394467-2AC0-434E-B52E-ADD1C22347C8}"
EndProject
Project("{FAE04EC0-301F-11D3-BF4B-00C04F79EFBC}") = "MobileApp.iOS", "MobileApp\MobileApp.iOS\MobileApp.iOS.csproj", "{0B329292-E0C0-4A93-89D0-7A6507508098}"
EndProject
Project("{FAE04EC0-301F-11D3-BF4B-00C04F79EFBC}") = "MobileApp", "MobileApp\MobileApp\MobileApp.csproj", "{57FB12D1-B1FB-4E70-BAAC-0EDAD85101EA}"
EndProject
Global
	GlobalSection(SolutionConfigurationPlatforms) = preSolution
		Debug|Any CPU = Debug|Any CPU
		Debug|iPhone = Debug|iPhone
		Debug|iPhoneSimulator = Debug|iPhoneSimulator
		Release|Any CPU = Release|Any CPU
		Release|iPhone = Release|iPhone
		Release|iPhoneSimulator = Release|iPhoneSimulator
	EndGlobalSection
	GlobalSection(ProjectConfigurationPlatforms) = postSolution
		{B6394467-2AC0-434E-B52E-ADD1C22347C8}.Debug|Any CPU.ActiveCfg = Debug|Any CPU
		{B6394467-2AC0-434E-B52E-ADD1C22347C8}.Debug|Any CPU.Build.0 = Debug|Any CPU
		{B6394467-2AC0-434E-B52E-ADD1C22347C8}.Debug|Any CPU.Deploy.0 = Debug|Any CPU
		{B6394467-2AC0-434E-B52E-ADD1C22347C8}.Debug|iPhone.ActiveCfg = Debug|Any CPU
		{B6394467-2AC0-434E-B52E-ADD1C22347C8}.Debug|iPhone.Build.0 = Debug|Any CPU
		{B6394467-2AC0-434E-B52E-ADD1C22347C8}.Debug|iPhone.Deploy.0 = Debug|Any CPU
		{B6394467-2AC0-434E-B52E-ADD1C22347C8}.Debug|iPhoneSimulator.ActiveCfg = Debug|Any CPU
		{B6394467-2AC0-434E-B52E-ADD1C22347C8}.Debug|iPhoneSimulator.Build.0 = Debug|Any CPU
		{B6394467-2AC0-434E-B52E-ADD1C22347C8}.Debug|iPhoneSimulator.Deploy.0 = Debug|Any CPU
		{B6394467-2AC0-434E-B52E-ADD1C22347C8}.Release|Any CPU.ActiveCfg = Release|Any CPU
		{B6394467-2AC0-434E-B52E-ADD1C22347C8}.Release|Any CPU.Build.0 = Release|Any CPU
		{B6394467-2AC0-434E-B52E-ADD1C22347C8}.Release|Any CPU.Deploy.0 = Release|Any CPU
		{B6394467-2AC0-434E-B52E-ADD1C22347C8}.Release|iPhone.ActiveCfg = Release|Any CPU
		{B6394467-2AC0-434E-B52E-ADD1C22347C8}.Release|iPhone.Build.0 = Release|Any CPU
		{B6394467-2AC0-434E-B52E-ADD1C22347C8}.Release|iPhone.Deploy.0 = Release|Any CPU
		{B6394467-2AC0-434E-B52E-ADD1C22347C8}.Release|iPhoneSimulator.ActiveCfg = Release|Any CPU
		{B6394467-2AC0-434E-B52E-ADD1C22347C8}.Release|iPhoneSimulator.Build.0 = Release|Any CPU
		{B6394467-2AC0-434E-B52E-ADD1C22347C8}.Release|iPhoneSimulator.Deploy.0 = Release|Any CPU
		{0B329292-E0C0-4A93-89D0-7A6507508098}.Debug|Any CPU.ActiveCfg = Debug|iPhone
		{0B329292-E0C0-4A93-89D0-7A6507508098}.Debug|Any CPU.Build.0 = Debug|iPhone
		{0B329292-E0C0-4A93-89D0-7A6507508098}.Debug|Any CPU.Deploy.0 = Debug|iPhone
		{0B329292-E0C0-4A93-89D0-7A6507508098}.Debug|iPhone.ActiveCfg = Debug|iPhone
		{0B329292-E0C0-4A93-89D0-7A6507508098}.Debug|iPhone.Build.0 = Debug|iPhone
		{0B329292-E0C0-4A93-89D0-7A6507508098}.Debug|iPhone.Deploy.0 = Debug|iPhone
		{0B329292-E0C0-4A93-89D0-7A6507508098}.Debug|iPhoneSimulator.ActiveCfg = Debug|iPhoneSimulator
		{0B329292-E0C0-4A93-89D0-7A6507508098}.Debug|iPhoneSimulator.Build.0 = Debug|iPhoneSimulator
		{0B329292-E0C0-4A93-89D0-7A6507508098}.Debug|iPhoneSimulator.Deploy.0 = Debug|iPhoneSimulator
		{0B329292-E0C0-4A93-89D0-7A6507508098}.Release|Any CPU.ActiveCfg = Release|iPhoneSimulator
		{0B329292-E0C0-4A93-89D0-7A6507508098}.Release|Any CPU.Build.0 = Release|iPhoneSimulator
		{0B329292-E0C0-4A93-89D0-7A6507508098}.Release|Any CPU.Deploy.0 = Release|iPhoneSimulator
		{0B329292-E0C0-4A93-89D0-7A6507508098}.Release|iPhone.ActiveCfg = Release|iPhone
		{0B329292-E0C0-4A93-89D0-7A6507508098}.Release|iPhone.Build.0 = Release|iPhone
		{0B329292-E0C0-4A93-89D0-7A6507508098}.Release|iPhone.Deploy.0 = Release|iPhone
		{0B329292-E0C0-4A93-89D0-7A6507508098}.Release|iPhoneSimulator.ActiveCfg = Release|iPhoneSimulator
		{0B329292-E0C0-4A93-89D0-7A6507508098}.Release|iPhoneSimulator.Build.0 = Release|iPhoneSimulator
		{0B329292-E0C0-4A93-89D0-7A6507508098}.Release|iPhoneSimulator.Deploy.0 = Release|iPhoneSimulator
		{57FB12D1-B1FB-4E70-BAAC-0EDAD85101EA}.Debug|Any CPU.ActiveCfg = Debug|Any CPU
		{57FB12D1-B1FB-4E70-BAAC-0EDAD85101EA}.Debug|Any CPU.Build.0 = Debug|Any CPU
		{57FB12D1-B1FB-4E70-BAAC-0EDAD85101EA}.Debug|Any CPU.Deploy.0 = Debug|Any CPU
		{57FB12D1-B1FB-4E70-BAAC-0EDAD85101EA}.Debug|iPhone.ActiveCfg = Debug|Any CPU
		{57FB12D1-B1FB-4E70-BAAC-0EDAD85101EA}.Debug|iPhone.Build.0 = Debug|Any CPU
		{57FB12D1-B1FB-4E70-BAAC-0EDAD85101EA}.Debug|iPhone.Deploy.0 = Debug|Any CPU
		{57FB12D1-B1FB-4E70-BAAC-0EDAD85101EA}.Debug|iPhoneSimulator.ActiveCfg = Debug|Any CPU
		{57FB12D1-B1FB-4E70-BAAC-0EDAD85101EA}.Debug|iPhoneSimulator.Build.0 = Debug|Any CPU
		{57FB12D1-B1FB-4E70-BAAC-0EDAD85101EA}.Debug|iPhoneSimulator.Deploy.0 = Debug|Any CPU
		{57FB12D1-B1FB-4E70-BAAC-0EDAD85101EA}.Release|Any CPU.ActiveCfg = Release|Any CPU
		{57FB12D1-B1FB-4E70-BAAC-0EDAD85101EA}.Release|Any CPU.Build.0 = Release|Any CPU
		{57FB12D1-B1FB-4E70-BAAC-0EDAD85101EA}.Release|Any CPU.Deploy.0 = Release|Any CPU
		{57FB12D1-B1FB-4E70-BAAC-0EDAD85101EA}.Release|iPhone.ActiveCfg = Release|Any CPU
		{57FB12D1-B1FB-4E70-BAAC-0EDAD85101EA}.Release|iPhone.Build.0 = Release|Any CPU
		{57FB12D1-B1FB-4E70-BAAC-0EDAD85101EA}.Release|iPhone.Deploy.0 = Release|Any CPU
		{57FB12D1-B1FB-4E70-BAAC-0EDAD85101EA}.Release|iPhoneSimulator.ActiveCfg = Release|Any CPU
		{57FB12D1-B1FB-4E70-BAAC-0EDAD85101EA}.Release|iPhoneSimulator.Build.0 = Release|Any CPU
		{57FB12D1-B1FB-4E70-BAAC-0EDAD85101EA}.Release|iPhoneSimulator.Deploy.0 = Release|Any CPU
	EndGlobalSection
	GlobalSection(SolutionProperties) = preSolution
		HideSolutionNode = FALSE
	EndGlobalSection
	GlobalSection(ExtensibilityGlobals) = postSolution
		SolutionGuid = {E091984C-BAEE-4ADB-B43E-A0DE97A6C949}
	EndGlobalSection
EndGlobal
